
Microsoft Visual Studio Solution File, Format Version 12.00
# Visual Studio Version 17
VisualStudioVersion = 17.5.002.0
MinimumVisualStudioVersion = 10.0.40219.1
Project("{9A19103F-16F7-4668-BE54-9A1E7A4F7556}") = "Ex6_LINQ", "Ex6_LINQ.csproj", "{83A5269A-8799-48E7-9E0A-7A465EBD46AA}"
EndProject
Global
	GlobalSection(SolutionConfigurationPlatforms) = preSolution
		Debug|Any CPU = Debug|Any CPU
		Release|Any CPU = Release|Any CPU
	EndGlobalSection
	GlobalSection(ProjectConfigurationPlatforms) = postSolution
		{83A5269A-8799-48E7-9E0A-7A465EBD46AA}.Debug|Any CPU.ActiveCfg = Debug|Any CPU
		{83A5269A-8799-48E7-9E0A-7A465EBD46AA}.Debug|Any CPU.Build.0 = Debug|Any CPU
		{83A5269A-8799-48E7-9E0A-7A465EBD46AA}.Release|Any CPU.ActiveCfg = Release|Any CPU
		{83A5269A-8799-48E7-9E0A-7A465EBD46AA}.Release|Any CPU.Build.0 = Release|Any CPU
	EndGlobalSection
	GlobalSection(SolutionProperties) = preSolution
		HideSolutionNode = FALSE
	EndGlobalSection
	GlobalSection(ExtensibilityGlobals) = postSolution
		SolutionGuid = {29B50DBF-1F08-459E-8639-E1827AA332A9}
	EndGlobalSection
EndGlobal
